// !$*UTF8*$!
{
	archiveVersion = 1;
	classes = {
	};
	objectVersion = 50;
	objects = {

/* Begin PBXBuildFile section */
		C456131C24AB8DBB00A5BCB3 /* AppDelegate.swift in Sources */ = {isa = PBXBuildFile; fileRef = C456131B24AB8DBB00A5BCB3 /* AppDelegate.swift */; };
		C456131E24AB8DBB00A5BCB3 /* SceneDelegate.swift in Sources */ = {isa = PBXBuildFile; fileRef = C456131D24AB8DBB00A5BCB3 /* SceneDelegate.swift */; };
		C456132324AB8DBB00A5BCB3 /* Main.storyboard in Resources */ = {isa = PBXBuildFile; fileRef = C456132124AB8DBB00A5BCB3 /* Main.storyboard */; };
		C456132524AB8DBD00A5BCB3 /* Assets.xcassets in Resources */ = {isa = PBXBuildFile; fileRef = C456132424AB8DBD00A5BCB3 /* Assets.xcassets */; };
		C456132824AB8DBD00A5BCB3 /* LaunchScreen.storyboard in Resources */ = {isa = PBXBuildFile; fileRef = C456132624AB8DBD00A5BCB3 /* LaunchScreen.storyboard */; };
		C456133024AB905200A5BCB3 /* NoteTableVC.swift in Sources */ = {isa = PBXBuildFile; fileRef = C456132F24AB905200A5BCB3 /* NoteTableVC.swift */; };
		C456133224AB907D00A5BCB3 /* NoteDetailVC.swift in Sources */ = {isa = PBXBuildFile; fileRef = C456133124AB907D00A5BCB3 /* NoteDetailVC.swift */; };
		C456133424ABA2E700A5BCB3 /* Note.swift in Sources */ = {isa = PBXBuildFile; fileRef = C456133324ABA2E700A5BCB3 /* Note.swift */; };
		C456133624ABA56500A5BCB3 /* PersistenceManager.swift in Sources */ = {isa = PBXBuildFile; fileRef = C456133524ABA56500A5BCB3 /* PersistenceManager.swift */; };
/* End PBXBuildFile section */

/* Begin PBXFileReference section */
		C456131824AB8DBB00A5BCB3 /* Crabnotes.app */ = {isa = PBXFileReference; explicitFileType = wrapper.application; includeInIndex = 0; path = Crabnotes.app; sourceTree = BUILT_PRODUCTS_DIR; };
		C456131B24AB8DBB00A5BCB3 /* AppDelegate.swift */ = {isa = PBXFileReference; lastKnownFileType = sourcecode.swift; path = AppDelegate.swift; sourceTree = "<group>"; };
		C456131D24AB8DBB00A5BCB3 /* SceneDelegate.swift */ = {isa = PBXFileReference; lastKnownFileType = sourcecode.swift; path = SceneDelegate.swift; sourceTree = "<group>"; };
		C456132224AB8DBB00A5BCB3 /* Base */ = {isa = PBXFileReference; lastKnownFileType = file.storyboard; name = Base; path = Base.lproj/Main.storyboard; sourceTree = "<group>"; };
		C456132424AB8DBD00A5BCB3 /* Assets.xcassets */ = {isa = PBXFileReference; lastKnownFileType = folder.assetcatalog; path = Assets.xcassets; sourceTree = "<group>"; };
		C456132724AB8DBD00A5BCB3 /* Base */ = {isa = PBXFileReference; lastKnownFileType = file.storyboard; name = Base; path = Base.lproj/LaunchScreen.storyboard; sourceTree = "<group>"; };
		C456132924AB8DBD00A5BCB3 /* Info.plist */ = {isa = PBXFileReference; lastKnownFileType = text.plist.xml; path = Info.plist; sourceTree = "<group>"; };
		C456132F24AB905200A5BCB3 /* NoteTableVC.swift */ = {isa = PBXFileReference; lastKnownFileType = sourcecode.swift; path = NoteTableVC.swift; sourceTree = "<group>"; };
		C456133124AB907D00A5BCB3 /* NoteDetailVC.swift */ = {isa = PBXFileReference; lastKnownFileType = sourcecode.swift; path = NoteDetailVC.swift; sourceTree = "<group>"; };
		C456133324ABA2E700A5BCB3 /* Note.swift */ = {isa = PBXFileReference; lastKnownFileType = sourcecode.swift; path = Note.swift; sourceTree = "<group>"; };
		C456133524ABA56500A5BCB3 /* PersistenceManager.swift */ = {isa = PBXFileReference; lastKnownFileType = sourcecode.swift; path = PersistenceManager.swift; sourceTree = "<group>"; };
/* End PBXFileReference section */

/* Begin PBXFrameworksBuildPhase section */
		C456131524AB8DBB00A5BCB3 /* Frameworks */ = {
			isa = PBXFrameworksBuildPhase;
			buildActionMask = 2147483647;
			files = (
			);
			runOnlyForDeploymentPostprocessing = 0;
		};
/* End PBXFrameworksBuildPhase section */

/* Begin PBXGroup section */
		C456130F24AB8DBB00A5BCB3 = {
			isa = PBXGroup;
			children = (
				C456131A24AB8DBB00A5BCB3 /* Crabnotes */,
				C456131924AB8DBB00A5BCB3 /* Products */,
			);
			sourceTree = "<group>";
		};
		C456131924AB8DBB00A5BCB3 /* Products */ = {
			isa = PBXGroup;
			children = (
				C456131824AB8DBB00A5BCB3 /* Crabnotes.app */,
			);
			name = Products;
			sourceTree = "<group>";
		};
		C456131A24AB8DBB00A5BCB3 /* Crabnotes */ = {
			isa = PBXGroup;
			children = (
				C456131B24AB8DBB00A5BCB3 /* AppDelegate.swift */,
				C456131D24AB8DBB00A5BCB3 /* SceneDelegate.swift */,
				C456133524ABA56500A5BCB3 /* PersistenceManager.swift */,
				C456133324ABA2E700A5BCB3 /* Note.swift */,
				C456132F24AB905200A5BCB3 /* NoteTableVC.swift */,
				C456133124AB907D00A5BCB3 /* NoteDetailVC.swift */,
				C456132124AB8DBB00A5BCB3 /* Main.storyboard */,
				C456132424AB8DBD00A5BCB3 /* Assets.xcassets */,
				C456132624AB8DBD00A5BCB3 /* LaunchScreen.storyboard */,
				C456132924AB8DBD00A5BCB3 /* Info.plist */,
			);
			path = Crabnotes;
			sourceTree = "<group>";
		};
/* End PBXGroup section */

/* Begin PBXNativeTarget section */
		C456131724AB8DBB00A5BCB3 /* Crabnotes */ = {
			isa = PBXNativeTarget;
			buildConfigurationList = C456132C24AB8DBD00A5BCB3 /* Build configuration list for PBXNativeTarget "Crabnotes" */;
			buildPhases = (
				C456131424AB8DBB00A5BCB3 /* Sources */,
				C456131524AB8DBB00A5BCB3 /* Frameworks */,
				C456131624AB8DBB00A5BCB3 /* Resources */,
			);
			buildRules = (
			);
			dependencies = (
			);
			name = Crabnotes;
			productName = Crabnotes;
			productReference = C456131824AB8DBB00A5BCB3 /* Crabnotes.app */;
			productType = "com.apple.product-type.application";
		};
/* End PBXNativeTarget section */

/* Begin PBXProject section */
		C456131024AB8DBB00A5BCB3 /* Project object */ = {
			isa = PBXProject;
			attributes = {
				LastSwiftUpdateCheck = 1150;
				LastUpgradeCheck = 1230;
				ORGANIZATIONNAME = crabucate;
				TargetAttributes = {
					C456131724AB8DBB00A5BCB3 = {
						CreatedOnToolsVersion = 11.5;
					};
				};
			};
			buildConfigurationList = C456131324AB8DBB00A5BCB3 /* Build configuration list for PBXProject "Crabnotes" */;
			compatibilityVersion = "Xcode 9.3";
			developmentRegion = en;
			hasScannedForEncodings = 0;
			knownRegions = (
				en,
				Base,
			);
			mainGroup = C456130F24AB8DBB00A5BCB3;
			productRefGroup = C456131924AB8DBB00A5BCB3 /* Products */;
			projectDirPath = "";
			projectRoot = "";
			targets = (
				C456131724AB8DBB00A5BCB3 /* Crabnotes */,
			);
		};
/* End PBXProject section */

/* Begin PBXResourcesBuildPhase section */
		C456131624AB8DBB00A5BCB3 /* Resources */ = {
			isa = PBXResourcesBuildPhase;
			buildActionMask = 2147483647;
			files = (
				C456132824AB8DBD00A5BCB3 /* LaunchScreen.storyboard in Resources */,
				C456132524AB8DBD00A5BCB3 /* Assets.xcassets in Resources */,
				C456132324AB8DBB00A5BCB3 /* Main.storyboard in Resources */,
			);
			runOnlyForDeploymentPostprocessing = 0;
		};
/* End PBXResourcesBuildPhase section */

/* Begin PBXSourcesBuildPhase section */
		C456131424AB8DBB00A5BCB3 /* Sources */ = {
			isa = PBXSourcesBuildPhase;
			buildActionMask = 2147483647;
			files = (
				C456133424ABA2E700A5BCB3 /* Note.swift in Sources */,
				C456131C24AB8DBB00A5BCB3 /* AppDelegate.swift in Sources */,
				C456131E24AB8DBB00A5BCB3 /* SceneDelegate.swift in Sources */,
				C456133624ABA56500A5BCB3 /* PersistenceManager.swift in Sources */,
				C456133024AB905200A5BCB3 /* NoteTableVC.swift in Sources */,
				C456133224AB907D00A5BCB3 /* NoteDetailVC.swift in Sources */,
			);
			runOnlyForDeploymentPostprocessing = 0;
		};
/* End PBXSourcesBuildPhase section */

/* Begin PBXVariantGroup section */
		C456132124AB8DBB00A5BCB3 /* Main.storyboard */ = {
			isa = PBXVariantGroup;
			children = (
				C456132224AB8DBB00A5BCB3 /* Base */,
			);
			name = Main.storyboard;
			sourceTree = "<group>";
		};
		C456132624AB8DBD00A5BCB3 /* LaunchScreen.storyboard */ = {
			isa = PBXVariantGroup;
			children = (
				C456132724AB8DBD00A5BCB3 /* Base */,
			);
			name = LaunchScreen.storyboard;
			sourceTree = "<group>";
		};
/* End PBXVariantGroup section */

/* Begin XCBuildConfiguration section */
		C456132A24AB8DBD00A5BCB3 /* Debug */ = {
			isa = XCBuildConfiguration;
			buildSettings = {
				ALWAYS_SEARCH_USER_PATHS = NO;
				CLANG_ANALYZER_NONNULL = YES;
				CLANG_ANALYZER_NUMBER_OBJECT_CONVERSION = YES_AGGRESSIVE;
				CLANG_CXX_LANGUAGE_STANDARD = "gnu++14";
				CLANG_CXX_LIBRARY = "libc++";
				CLANG_ENABLE_MODULES = YES;
				CLANG_ENABLE_OBJC_ARC = YES;
				CLANG_ENABLE_OBJC_WEAK = YES;
				CLANG_WARN_BLOCK_CAPTURE_AUTORELEASING = YES;
				CLANG_WARN_BOOL_CONVERSION = YES;
				CLANG_WARN_COMMA = YES;
				CLANG_WARN_CONSTANT_CONVERSION = YES;
				CLANG_WARN_DEPRECATED_OBJC_IMPLEMENTATIONS = YES;
				CLANG_WARN_DIRECT_OBJC_ISA_USAGE = YES_ERROR;
				CLANG_WARN_DOCUMENTATION_COMMENTS = YES;
				CLANG_WARN_EMPTY_BODY = YES;
				CLANG_WARN_ENUM_CONVERSION = YES;
				CLANG_WARN_INFINITE_RECURSION = YES;
				CLANG_WARN_INT_CONVERSION = YES;
				CLANG_WARN_NON_LITERAL_NULL_CONVERSION = YES;
				CLANG_WARN_OBJC_IMPLICIT_RETAIN_SELF = YES;
				CLANG_WARN_OBJC_LITERAL_CONVERSION = YES;
				CLANG_WARN_OBJC_ROOT_CLASS = YES_ERROR;
				CLANG_WARN_QUOTED_INCLUDE_IN_FRAMEWORK_HEADER = YES;
				CLANG_WARN_RANGE_LOOP_ANALYSIS = YES;
				CLANG_WARN_STRICT_PROTOTYPES = YES;
				CLANG_WARN_SUSPICIOUS_MOVE = YES;
				CLANG_WARN_UNGUARDED_AVAILABILITY = YES_AGGRESSIVE;
				CLANG_WARN_UNREACHABLE_CODE = YES;
				CLANG_WARN__DUPLICATE_METHOD_MATCH = YES;
				COPY_PHASE_STRIP = NO;
				DEBUG_INFORMATION_FORMAT = dwarf;
				ENABLE_STRICT_OBJC_MSGSEND = YES;
				ENABLE_TESTABILITY = YES;
				GCC_C_LANGUAGE_STANDARD = gnu11;
				GCC_DYNAMIC_NO_PIC = NO;
				GCC_NO_COMMON_BLOCKS = YES;
				GCC_OPTIMIZATION_LEVEL = 0;
				GCC_PREPROCESSOR_DEFINITIONS = (
					"DEBUG=1",
					"$(inherited)",
				);
				GCC_WARN_64_TO_32_BIT_CONVERSION = YES;
				GCC_WARN_ABOUT_RETURN_TYPE = YES_ERROR;
				GCC_WARN_UNDECLARED_SELECTOR = YES;
				GCC_WARN_UNINITIALIZED_AUTOS = YES_AGGRESSIVE;
				GCC_WARN_UNUSED_FUNCTION = YES;
				GCC_WARN_UNUSED_VARIABLE = YES;
				IPHONEOS_DEPLOYMENT_TARGET = 13.5;
				MTL_ENABLE_DEBUG_INFO = INCLUDE_SOURCE;
				MTL_FAST_MATH = YES;
				ONLY_ACTIVE_ARCH = YES;
				SDKROOT = iphoneos;
				SWIFT_ACTIVE_COMPILATION_CONDITIONS = DEBUG;
				SWIFT_OPTIMIZATION_LEVEL = "-Onone";
			};
			name = Debug;
		};
		C456132B24AB8DBD00A5BCB3 /* Release */ = {
			isa = XCBuildConfiguration;
			buildSettings = {
				ALWAYS_SEARCH_USER_PATHS = NO;
				CLANG_ANALYZER_NONNULL = YES;
				CLANG_ANALYZER_NUMBER_OBJECT_CONVERSION = YES_AGGRESSIVE;
				CLANG_CXX_LANGUAGE_STANDARD = "gnu++14";
				CLANG_CXX_LIBRARY = "libc++";
				CLANG_ENABLE_MODULES = YES;
				CLANG_ENABLE_OBJC_ARC = YES;
				CLANG_ENABLE_OBJC_WEAK = YES;
				CLANG_WARN_BLOCK_CAPTURE_AUTORELEASING = YES;
				CLANG_WARN_BOOL_CONVERSION = YES;
				CLANG_WARN_COMMA = YES;
				CLANG_WARN_CONSTANT_CONVERSION = YES;
				CLANG_WARN_DEPRECATED_OBJC_IMPLEMENTATIONS = YES;
				CLANG_WARN_DIRECT_OBJC_ISA_USAGE = YES_ERROR;
				CLANG_WARN_DOCUMENTATION_COMMENTS = YES;
				CLANG_WARN_EMPTY_BODY = YES;
				CLANG_WARN_ENUM_CONVERSION = YES;
				CLANG_WARN_INFINITE_RECURSION = YES;
				CLANG_WARN_INT_CONVERSION = YES;
				CLANG_WARN_NON_LITERAL_NULL_CONVERSION = YES;
				CLANG_WARN_OBJC_IMPLICIT_RETAIN_SELF = YES;
				CLANG_WARN_OBJC_LITERAL_CONVERSION = YES;
				CLANG_WARN_OBJC_ROOT_CLASS = YES_ERROR;
				CLANG_WARN_QUOTED_INCLUDE_IN_FRAMEWORK_HEADER = YES;
				CLANG_WARN_RANGE_LOOP_ANALYSIS = YES;
				CLANG_WARN_STRICT_PROTOTYPES = YES;
				CLANG_WARN_SUSPICIOUS_MOVE = YES;
				CLANG_WARN_UNGUARDED_AVAILABILITY = YES_AGGRESSIVE;
				CLANG_WARN_UNREACHABLE_CODE = YES;
				CLANG_WARN__DUPLICATE_METHOD_MATCH = YES;
				COPY_PHASE_STRIP = NO;
				DEBUG_INFORMATION_FORMAT = "dwarf-with-dsym";
				ENABLE_NS_ASSERTIONS = NO;
				ENABLE_STRICT_OBJC_MSGSEND = YES;
				GCC_C_LANGUAGE_STANDARD = gnu11;
				GCC_NO_COMMON_BLOCKS = YES;
				GCC_WARN_64_TO_32_BIT_CONVERSION = YES;
				GCC_WARN_ABOUT_RETURN_TYPE = YES_ERROR;
				GCC_WARN_UNDECLARED_SELECTOR = YES;
				GCC_WARN_UNINITIALIZED_AUTOS = YES_AGGRESSIVE;
				GCC_WARN_UNUSED_FUNCTION = YES;
				GCC_WARN_UNUSED_VARIABLE = YES;
				IPHONEOS_DEPLOYMENT_TARGET = 13.5;
				MTL_ENABLE_DEBUG_INFO = NO;
				MTL_FAST_MATH = YES;
				SDKROOT = iphoneos;
				SWIFT_COMPILATION_MODE = wholemodule;
				SWIFT_OPTIMIZATION_LEVEL = "-O";
				VALIDATE_PRODUCT = YES;
			};
			name = Release;
		};
		C456132D24AB8DBD00A5BCB3 /* Debug */ = {
			isa = XCBuildConfiguration;
			buildSettings = {
				ASSETCATALOG_COMPILER_APPICON_NAME = AppIcon;
				CODE_SIGN_STYLE = Automatic;
				DEVELOPMENT_TEAM = T3L732D2U5;
				INFOPLIST_FILE = Crabnotes/Info.plist;
				LD_RUNPATH_SEARCH_PATHS = (
					"$(inherited)",
					"@executable_path/Frameworks",
				);
				PRODUCT_BUNDLE_IDENTIFIER = de.crabucate.Crabnotes;
				PRODUCT_NAME = "$(TARGET_NAME)";
				SWIFT_VERSION = 5.0;
				TARGETED_DEVICE_FAMILY = "1,2";
			};
			name = Debug;
		};
		C456132E24AB8DBD00A5BCB3 /* Release */ = {
			isa = XCBuildConfiguration;
			buildSettings = {
				ASSETCATALOG_COMPILER_APPICON_NAME = AppIcon;
				CODE_SIGN_STYLE = Automatic;
				DEVELOPMENT_TEAM = T3L732D2U5;
				INFOPLIST_FILE = Crabnotes/Info.plist;
				LD_RUNPATH_SEARCH_PATHS = (
					"$(inherited)",
					"@executable_path/Frameworks",
				);
				PRODUCT_BUNDLE_IDENTIFIER = de.crabucate.Crabnotes;
				PRODUCT_NAME = "$(TARGET_NAME)";
				SWIFT_VERSION = 5.0;
				TARGETED_DEVICE_FAMILY = "1,2";
			};
			name = Release;
		};
/* End XCBuildConfiguration section */

/* Begin XCConfigurationList section */
		C456131324AB8DBB00A5BCB3 /* Build configuration list for PBXProject "Crabnotes" */ = {
			isa = XCConfigurationList;
			buildConfigurations = (
				C456132A24AB8DBD00A5BCB3 /* Debug */,
				C456132B24AB8DBD00A5BCB3 /* Release */,
			);
			defaultConfigurationIsVisible = 0;
			defaultConfigurationName = Release;
		};
		C456132C24AB8DBD00A5BCB3 /* Build configuration list for PBXNativeTarget "Crabnotes" */ = {
			isa = XCConfigurationList;
			buildConfigurations = (
				C456132D24AB8DBD00A5BCB3 /* Debug */,
				C456132E24AB8DBD00A5BCB3 /* Release */,
			);
			defaultConfigurationIsVisible = 0;
			defaultConfigurationName = Release;
		};
/* End XCConfigurationList section */
	};
	rootObject = C456131024AB8DBB00A5BCB3 /* Project object */;
}
