// !$*UTF8*$!
{
	archiveVersion = 1;
	classes = {
	};
	objectVersion = 50;
	objects = {

/* Begin PBXBuildFile section */
		DCC160B5246D4DBC00142131 /* AppDelegate.swift in Sources */ = {isa = PBXBuildFile; fileRef = DCC160B4246D4DBC00142131 /* AppDelegate.swift */; };
		DCC160B7246D4DBC00142131 /* SceneDelegate.swift in Sources */ = {isa = PBXBuildFile; fileRef = DCC160B6246D4DBC00142131 /* SceneDelegate.swift */; };
		DCC160B9246D4DBC00142131 /* ViewController.swift in Sources */ = {isa = PBXBuildFile; fileRef = DCC160B8246D4DBC00142131 /* ViewController.swift */; };
		DCC160BC246D4DBC00142131 /* Main.storyboard in Resources */ = {isa = PBXBuildFile; fileRef = DCC160BA246D4DBC00142131 /* Main.storyboard */; };
		DCC160BE246D4DBE00142131 /* Assets.xcassets in Resources */ = {isa = PBXBuildFile; fileRef = DCC160BD246D4DBE00142131 /* Assets.xcassets */; };
		DCC160C1246D4DBE00142131 /* LaunchScreen.storyboard in Resources */ = {isa = PBXBuildFile; fileRef = DCC160BF246D4DBE00142131 /* LaunchScreen.storyboard */; };
		DCC160E0246D895D00142131 /* france@3x.png in Resources */ = {isa = PBXBuildFile; fileRef = DCC160C8246D895C00142131 /* france@3x.png */; };
		DCC160E6246D895D00142131 /* uk@3x.png in Resources */ = {isa = PBXBuildFile; fileRef = DCC160CE246D895C00142131 /* uk@3x.png */; };
		DCC160E8246D895D00142131 /* ireland@3x.png in Resources */ = {isa = PBXBuildFile; fileRef = DCC160D0246D895C00142131 /* ireland@3x.png */; };
		DCC160E9246D895D00142131 /* italy@3x.png in Resources */ = {isa = PBXBuildFile; fileRef = DCC160D1246D895C00142131 /* italy@3x.png */; };
		DCC160EA246D895D00142131 /* spain@3x.png in Resources */ = {isa = PBXBuildFile; fileRef = DCC160D2246D895C00142131 /* spain@3x.png */; };
		DCC160EB246D895D00142131 /* monaco@3x.png in Resources */ = {isa = PBXBuildFile; fileRef = DCC160D3246D895C00142131 /* monaco@3x.png */; };
		DCC160F1246D895D00142131 /* poland@3x.png in Resources */ = {isa = PBXBuildFile; fileRef = DCC160D9246D895D00142131 /* poland@3x.png */; };
		DCC160F2246D895D00142131 /* us@3x.png in Resources */ = {isa = PBXBuildFile; fileRef = DCC160DA246D895D00142131 /* us@3x.png */; };
		DCC160F3246D895D00142131 /* nigeria@3x.png in Resources */ = {isa = PBXBuildFile; fileRef = DCC160DB246D895D00142131 /* nigeria@3x.png */; };
		DCC160F4246D895D00142131 /* germany@3x.png in Resources */ = {isa = PBXBuildFile; fileRef = DCC160DC246D895D00142131 /* germany@3x.png */; };
		DCC160F5246D895D00142131 /* russia@3x.png in Resources */ = {isa = PBXBuildFile; fileRef = DCC160DD246D895D00142131 /* russia@3x.png */; };
		DCC160F6246D895D00142131 /* estonia@3x.png in Resources */ = {isa = PBXBuildFile; fileRef = DCC160DE246D895D00142131 /* estonia@3x.png */; };
		DCC160F9246D8BFC00142131 /* DetailViewController.swift in Sources */ = {isa = PBXBuildFile; fileRef = DCC160F8246D8BFC00142131 /* DetailViewController.swift */; };
		DCE470422472B48000365ACA /* FlagCell.swift in Sources */ = {isa = PBXBuildFile; fileRef = DCE470412472B48000365ACA /* FlagCell.swift */; };
/* End PBXBuildFile section */

/* Begin PBXFileReference section */
		DCC160B1246D4DBC00142131 /* Flag Viewer.app */ = {isa = PBXFileReference; explicitFileType = wrapper.application; includeInIndex = 0; path = "Flag Viewer.app"; sourceTree = BUILT_PRODUCTS_DIR; };
		DCC160B4246D4DBC00142131 /* AppDelegate.swift */ = {isa = PBXFileReference; lastKnownFileType = sourcecode.swift; path = AppDelegate.swift; sourceTree = "<group>"; };
		DCC160B6246D4DBC00142131 /* SceneDelegate.swift */ = {isa = PBXFileReference; lastKnownFileType = sourcecode.swift; path = SceneDelegate.swift; sourceTree = "<group>"; };
		DCC160B8246D4DBC00142131 /* ViewController.swift */ = {isa = PBXFileReference; lastKnownFileType = sourcecode.swift; path = ViewController.swift; sourceTree = "<group>"; };
		DCC160BB246D4DBC00142131 /* Base */ = {isa = PBXFileReference; lastKnownFileType = file.storyboard; name = Base; path = Base.lproj/Main.storyboard; sourceTree = "<group>"; };
		DCC160BD246D4DBE00142131 /* Assets.xcassets */ = {isa = PBXFileReference; lastKnownFileType = folder.assetcatalog; path = Assets.xcassets; sourceTree = "<group>"; };
		DCC160C0246D4DBE00142131 /* Base */ = {isa = PBXFileReference; lastKnownFileType = file.storyboard; name = Base; path = Base.lproj/LaunchScreen.storyboard; sourceTree = "<group>"; };
		DCC160C2246D4DBE00142131 /* Info.plist */ = {isa = PBXFileReference; lastKnownFileType = text.plist.xml; path = Info.plist; sourceTree = "<group>"; };
		DCC160C8246D895C00142131 /* france@3x.png */ = {isa = PBXFileReference; lastKnownFileType = image.png; path = "france@3x.png"; sourceTree = "<group>"; };
		DCC160CE246D895C00142131 /* uk@3x.png */ = {isa = PBXFileReference; lastKnownFileType = image.png; path = "uk@3x.png"; sourceTree = "<group>"; };
		DCC160D0246D895C00142131 /* ireland@3x.png */ = {isa = PBXFileReference; lastKnownFileType = image.png; path = "ireland@3x.png"; sourceTree = "<group>"; };
		DCC160D1246D895C00142131 /* italy@3x.png */ = {isa = PBXFileReference; lastKnownFileType = image.png; path = "italy@3x.png"; sourceTree = "<group>"; };
		DCC160D2246D895C00142131 /* spain@3x.png */ = {isa = PBXFileReference; lastKnownFileType = image.png; path = "spain@3x.png"; sourceTree = "<group>"; };
		DCC160D3246D895C00142131 /* monaco@3x.png */ = {isa = PBXFileReference; lastKnownFileType = image.png; path = "monaco@3x.png"; sourceTree = "<group>"; };
		DCC160D9246D895D00142131 /* poland@3x.png */ = {isa = PBXFileReference; lastKnownFileType = image.png; path = "poland@3x.png"; sourceTree = "<group>"; };
		DCC160DA246D895D00142131 /* us@3x.png */ = {isa = PBXFileReference; lastKnownFileType = image.png; path = "us@3x.png"; sourceTree = "<group>"; };
		DCC160DB246D895D00142131 /* nigeria@3x.png */ = {isa = PBXFileReference; lastKnownFileType = image.png; path = "nigeria@3x.png"; sourceTree = "<group>"; };
		DCC160DC246D895D00142131 /* germany@3x.png */ = {isa = PBXFileReference; lastKnownFileType = image.png; path = "germany@3x.png"; sourceTree = "<group>"; };
		DCC160DD246D895D00142131 /* russia@3x.png */ = {isa = PBXFileReference; lastKnownFileType = image.png; path = "russia@3x.png"; sourceTree = "<group>"; };
		DCC160DE246D895D00142131 /* estonia@3x.png */ = {isa = PBXFileReference; lastKnownFileType = image.png; path = "estonia@3x.png"; sourceTree = "<group>"; };
		DCC160F8246D8BFC00142131 /* DetailViewController.swift */ = {isa = PBXFileReference; lastKnownFileType = sourcecode.swift; path = DetailViewController.swift; sourceTree = "<group>"; };
		DCE470412472B48000365ACA /* FlagCell.swift */ = {isa = PBXFileReference; lastKnownFileType = sourcecode.swift; path = FlagCell.swift; sourceTree = "<group>"; };
/* End PBXFileReference section */

/* Begin PBXFrameworksBuildPhase section */
		DCC160AE246D4DBC00142131 /* Frameworks */ = {
			isa = PBXFrameworksBuildPhase;
			buildActionMask = 2147483647;
			files = (
			);
			runOnlyForDeploymentPostprocessing = 0;
		};
/* End PBXFrameworksBuildPhase section */

/* Begin PBXGroup section */
		DCC160A8246D4DBC00142131 = {
			isa = PBXGroup;
			children = (
				DCC160B3246D4DBC00142131 /* Flag Viewer */,
				DCC160B2246D4DBC00142131 /* Products */,
			);
			sourceTree = "<group>";
		};
		DCC160B2246D4DBC00142131 /* Products */ = {
			isa = PBXGroup;
			children = (
				DCC160B1246D4DBC00142131 /* Flag Viewer.app */,
			);
			name = Products;
			sourceTree = "<group>";
		};
		DCC160B3246D4DBC00142131 /* Flag Viewer */ = {
			isa = PBXGroup;
			children = (
				DCC160B4246D4DBC00142131 /* AppDelegate.swift */,
				DCC160B6246D4DBC00142131 /* SceneDelegate.swift */,
				DCC160B8246D4DBC00142131 /* ViewController.swift */,
				DCC160F8246D8BFC00142131 /* DetailViewController.swift */,
				DCE470412472B48000365ACA /* FlagCell.swift */,
				DCC160BA246D4DBC00142131 /* Main.storyboard */,
				DCC160BD246D4DBE00142131 /* Assets.xcassets */,
				DCC160BF246D4DBE00142131 /* LaunchScreen.storyboard */,
				DCC160C2246D4DBE00142131 /* Info.plist */,
				DCC160DE246D895D00142131 /* estonia@3x.png */,
				DCC160C8246D895C00142131 /* france@3x.png */,
				DCC160DC246D895D00142131 /* germany@3x.png */,
				DCC160D0246D895C00142131 /* ireland@3x.png */,
				DCC160D1246D895C00142131 /* italy@3x.png */,
				DCC160D3246D895C00142131 /* monaco@3x.png */,
				DCC160DB246D895D00142131 /* nigeria@3x.png */,
				DCC160D9246D895D00142131 /* poland@3x.png */,
				DCC160DD246D895D00142131 /* russia@3x.png */,
				DCC160D2246D895C00142131 /* spain@3x.png */,
				DCC160CE246D895C00142131 /* uk@3x.png */,
				DCC160DA246D895D00142131 /* us@3x.png */,
			);
			path = "Flag Viewer";
			sourceTree = "<group>";
		};
/* End PBXGroup section */

/* Begin PBXNativeTarget section */
		DCC160B0246D4DBC00142131 /* Flag Viewer */ = {
			isa = PBXNativeTarget;
			buildConfigurationList = DCC160C5246D4DBE00142131 /* Build configuration list for PBXNativeTarget "Flag Viewer" */;
			buildPhases = (
				DCC160AD246D4DBC00142131 /* Sources */,
				DCC160AE246D4DBC00142131 /* Frameworks */,
				DCC160AF246D4DBC00142131 /* Resources */,
			);
			buildRules = (
			);
			dependencies = (
			);
			name = "Flag Viewer";
			productName = "Day23_Consolidation Challenge";
			productReference = DCC160B1246D4DBC00142131 /* Flag Viewer.app */;
			productType = "com.apple.product-type.application";
		};
/* End PBXNativeTarget section */

/* Begin PBXProject section */
		DCC160A9246D4DBC00142131 /* Project object */ = {
			isa = PBXProject;
			attributes = {
				LastSwiftUpdateCheck = 1140;
				LastUpgradeCheck = 1140;
				ORGANIZATIONNAME = "Felix Leitenberger";
				TargetAttributes = {
					DCC160B0246D4DBC00142131 = {
						CreatedOnToolsVersion = 11.4.1;
					};
				};
			};
			buildConfigurationList = DCC160AC246D4DBC00142131 /* Build configuration list for PBXProject "Flag Viewer" */;
			compatibilityVersion = "Xcode 9.3";
			developmentRegion = en;
			hasScannedForEncodings = 0;
			knownRegions = (
				en,
				Base,
			);
			mainGroup = DCC160A8246D4DBC00142131;
			productRefGroup = DCC160B2246D4DBC00142131 /* Products */;
			projectDirPath = "";
			projectRoot = "";
			targets = (
				DCC160B0246D4DBC00142131 /* Flag Viewer */,
			);
		};
/* End PBXProject section */

/* Begin PBXResourcesBuildPhase section */
		DCC160AF246D4DBC00142131 /* Resources */ = {
			isa = PBXResourcesBuildPhase;
			buildActionMask = 2147483647;
			files = (
				DCC160F6246D895D00142131 /* estonia@3x.png in Resources */,
				DCC160EB246D895D00142131 /* monaco@3x.png in Resources */,
				DCC160E6246D895D00142131 /* uk@3x.png in Resources */,
				DCC160C1246D4DBE00142131 /* LaunchScreen.storyboard in Resources */,
				DCC160F1246D895D00142131 /* poland@3x.png in Resources */,
				DCC160BE246D4DBE00142131 /* Assets.xcassets in Resources */,
				DCC160F4246D895D00142131 /* germany@3x.png in Resources */,
				DCC160E0246D895D00142131 /* france@3x.png in Resources */,
				DCC160BC246D4DBC00142131 /* Main.storyboard in Resources */,
				DCC160F5246D895D00142131 /* russia@3x.png in Resources */,
				DCC160E8246D895D00142131 /* ireland@3x.png in Resources */,
				DCC160E9246D895D00142131 /* italy@3x.png in Resources */,
				DCC160EA246D895D00142131 /* spain@3x.png in Resources */,
				DCC160F3246D895D00142131 /* nigeria@3x.png in Resources */,
				DCC160F2246D895D00142131 /* us@3x.png in Resources */,
			);
			runOnlyForDeploymentPostprocessing = 0;
		};
/* End PBXResourcesBuildPhase section */

/* Begin PBXSourcesBuildPhase section */
		DCC160AD246D4DBC00142131 /* Sources */ = {
			isa = PBXSourcesBuildPhase;
			buildActionMask = 2147483647;
			files = (
				DCC160B9246D4DBC00142131 /* ViewController.swift in Sources */,
				DCC160B5246D4DBC00142131 /* AppDelegate.swift in Sources */,
				DCE470422472B48000365ACA /* FlagCell.swift in Sources */,
				DCC160B7246D4DBC00142131 /* SceneDelegate.swift in Sources */,
				DCC160F9246D8BFC00142131 /* DetailViewController.swift in Sources */,
			);
			runOnlyForDeploymentPostprocessing = 0;
		};
/* End PBXSourcesBuildPhase section */

/* Begin PBXVariantGroup section */
		DCC160BA246D4DBC00142131 /* Main.storyboard */ = {
			isa = PBXVariantGroup;
			children = (
				DCC160BB246D4DBC00142131 /* Base */,
			);
			name = Main.storyboard;
			sourceTree = "<group>";
		};
		DCC160BF246D4DBE00142131 /* LaunchScreen.storyboard */ = {
			isa = PBXVariantGroup;
			children = (
				DCC160C0246D4DBE00142131 /* Base */,
			);
			name = LaunchScreen.storyboard;
			sourceTree = "<group>";
		};
/* End PBXVariantGroup section */

/* Begin XCBuildConfiguration section */
		DCC160C3246D4DBE00142131 /* Debug */ = {
			isa = XCBuildConfiguration;
			buildSettings = {
				ALWAYS_SEARCH_USER_PATHS = NO;
				CLANG_ANALYZER_NONNULL = YES;
				CLANG_ANALYZER_NUMBER_OBJECT_CONVERSION = YES_AGGRESSIVE;
				CLANG_CXX_LANGUAGE_STANDARD = "gnu++14";
				CLANG_CXX_LIBRARY = "libc++";
				CLANG_ENABLE_MODULES = YES;
				CLANG_ENABLE_OBJC_ARC = YES;
				CLANG_ENABLE_OBJC_WEAK = YES;
				CLANG_WARN_BLOCK_CAPTURE_AUTORELEASING = YES;
				CLANG_WARN_BOOL_CONVERSION = YES;
				CLANG_WARN_COMMA = YES;
				CLANG_WARN_CONSTANT_CONVERSION = YES;
				CLANG_WARN_DEPRECATED_OBJC_IMPLEMENTATIONS = YES;
				CLANG_WARN_DIRECT_OBJC_ISA_USAGE = YES_ERROR;
				CLANG_WARN_DOCUMENTATION_COMMENTS = YES;
				CLANG_WARN_EMPTY_BODY = YES;
				CLANG_WARN_ENUM_CONVERSION = YES;
				CLANG_WARN_INFINITE_RECURSION = YES;
				CLANG_WARN_INT_CONVERSION = YES;
				CLANG_WARN_NON_LITERAL_NULL_CONVERSION = YES;
				CLANG_WARN_OBJC_IMPLICIT_RETAIN_SELF = YES;
				CLANG_WARN_OBJC_LITERAL_CONVERSION = YES;
				CLANG_WARN_OBJC_ROOT_CLASS = YES_ERROR;
				CLANG_WARN_RANGE_LOOP_ANALYSIS = YES;
				CLANG_WARN_STRICT_PROTOTYPES = YES;
				CLANG_WARN_SUSPICIOUS_MOVE = YES;
				CLANG_WARN_UNGUARDED_AVAILABILITY = YES_AGGRESSIVE;
				CLANG_WARN_UNREACHABLE_CODE = YES;
				CLANG_WARN__DUPLICATE_METHOD_MATCH = YES;
				COPY_PHASE_STRIP = NO;
				DEBUG_INFORMATION_FORMAT = dwarf;
				ENABLE_STRICT_OBJC_MSGSEND = YES;
				ENABLE_TESTABILITY = YES;
				GCC_C_LANGUAGE_STANDARD = gnu11;
				GCC_DYNAMIC_NO_PIC = NO;
				GCC_NO_COMMON_BLOCKS = YES;
				GCC_OPTIMIZATION_LEVEL = 0;
				GCC_PREPROCESSOR_DEFINITIONS = (
					"DEBUG=1",
					"$(inherited)",
				);
				GCC_WARN_64_TO_32_BIT_CONVERSION = YES;
				GCC_WARN_ABOUT_RETURN_TYPE = YES_ERROR;
				GCC_WARN_UNDECLARED_SELECTOR = YES;
				GCC_WARN_UNINITIALIZED_AUTOS = YES_AGGRESSIVE;
				GCC_WARN_UNUSED_FUNCTION = YES;
				GCC_WARN_UNUSED_VARIABLE = YES;
				IPHONEOS_DEPLOYMENT_TARGET = 13.4;
				MTL_ENABLE_DEBUG_INFO = INCLUDE_SOURCE;
				MTL_FAST_MATH = YES;
				ONLY_ACTIVE_ARCH = YES;
				SDKROOT = iphoneos;
				SWIFT_ACTIVE_COMPILATION_CONDITIONS = DEBUG;
				SWIFT_OPTIMIZATION_LEVEL = "-Onone";
			};
			name = Debug;
		};
		DCC160C4246D4DBE00142131 /* Release */ = {
			isa = XCBuildConfiguration;
			buildSettings = {
				ALWAYS_SEARCH_USER_PATHS = NO;
				CLANG_ANALYZER_NONNULL = YES;
				CLANG_ANALYZER_NUMBER_OBJECT_CONVERSION = YES_AGGRESSIVE;
				CLANG_CXX_LANGUAGE_STANDARD = "gnu++14";
				CLANG_CXX_LIBRARY = "libc++";
				CLANG_ENABLE_MODULES = YES;
				CLANG_ENABLE_OBJC_ARC = YES;
				CLANG_ENABLE_OBJC_WEAK = YES;
				CLANG_WARN_BLOCK_CAPTURE_AUTORELEASING = YES;
				CLANG_WARN_BOOL_CONVERSION = YES;
				CLANG_WARN_COMMA = YES;
				CLANG_WARN_CONSTANT_CONVERSION = YES;
				CLANG_WARN_DEPRECATED_OBJC_IMPLEMENTATIONS = YES;
				CLANG_WARN_DIRECT_OBJC_ISA_USAGE = YES_ERROR;
				CLANG_WARN_DOCUMENTATION_COMMENTS = YES;
				CLANG_WARN_EMPTY_BODY = YES;
				CLANG_WARN_ENUM_CONVERSION = YES;
				CLANG_WARN_INFINITE_RECURSION = YES;
				CLANG_WARN_INT_CONVERSION = YES;
				CLANG_WARN_NON_LITERAL_NULL_CONVERSION = YES;
				CLANG_WARN_OBJC_IMPLICIT_RETAIN_SELF = YES;
				CLANG_WARN_OBJC_LITERAL_CONVERSION = YES;
				CLANG_WARN_OBJC_ROOT_CLASS = YES_ERROR;
				CLANG_WARN_RANGE_LOOP_ANALYSIS = YES;
				CLANG_WARN_STRICT_PROTOTYPES = YES;
				CLANG_WARN_SUSPICIOUS_MOVE = YES;
				CLANG_WARN_UNGUARDED_AVAILABILITY = YES_AGGRESSIVE;
				CLANG_WARN_UNREACHABLE_CODE = YES;
				CLANG_WARN__DUPLICATE_METHOD_MATCH = YES;
				COPY_PHASE_STRIP = NO;
				DEBUG_INFORMATION_FORMAT = "dwarf-with-dsym";
				ENABLE_NS_ASSERTIONS = NO;
				ENABLE_STRICT_OBJC_MSGSEND = YES;
				GCC_C_LANGUAGE_STANDARD = gnu11;
				GCC_NO_COMMON_BLOCKS = YES;
				GCC_WARN_64_TO_32_BIT_CONVERSION = YES;
				GCC_WARN_ABOUT_RETURN_TYPE = YES_ERROR;
				GCC_WARN_UNDECLARED_SELECTOR = YES;
				GCC_WARN_UNINITIALIZED_AUTOS = YES_AGGRESSIVE;
				GCC_WARN_UNUSED_FUNCTION = YES;
				GCC_WARN_UNUSED_VARIABLE = YES;
				IPHONEOS_DEPLOYMENT_TARGET = 13.4;
				MTL_ENABLE_DEBUG_INFO = NO;
				MTL_FAST_MATH = YES;
				SDKROOT = iphoneos;
				SWIFT_COMPILATION_MODE = wholemodule;
				SWIFT_OPTIMIZATION_LEVEL = "-O";
				VALIDATE_PRODUCT = YES;
			};
			name = Release;
		};
		DCC160C6246D4DBE00142131 /* Debug */ = {
			isa = XCBuildConfiguration;
			buildSettings = {
				ASSETCATALOG_COMPILER_APPICON_NAME = AppIcon;
				CODE_SIGN_STYLE = Automatic;
				DEVELOPMENT_TEAM = T3L732D2U5;
				INFOPLIST_FILE = "Flag Viewer/Info.plist";
				LD_RUNPATH_SEARCH_PATHS = (
					"$(inherited)",
					"@executable_path/Frameworks",
				);
				PRODUCT_BUNDLE_IDENTIFIER = "de.crabucate.Day23-Consolidation-Challenge";
				PRODUCT_NAME = "$(TARGET_NAME)";
				SWIFT_VERSION = 5.0;
				TARGETED_DEVICE_FAMILY = "1,2";
			};
			name = Debug;
		};
		DCC160C7246D4DBE00142131 /* Release */ = {
			isa = XCBuildConfiguration;
			buildSettings = {
				ASSETCATALOG_COMPILER_APPICON_NAME = AppIcon;
				CODE_SIGN_STYLE = Automatic;
				DEVELOPMENT_TEAM = T3L732D2U5;
				INFOPLIST_FILE = "Flag Viewer/Info.plist";
				LD_RUNPATH_SEARCH_PATHS = (
					"$(inherited)",
					"@executable_path/Frameworks",
				);
				PRODUCT_BUNDLE_IDENTIFIER = "de.crabucate.Day23-Consolidation-Challenge";
				PRODUCT_NAME = "$(TARGET_NAME)";
				SWIFT_VERSION = 5.0;
				TARGETED_DEVICE_FAMILY = "1,2";
			};
			name = Release;
		};
/* End XCBuildConfiguration section */

/* Begin XCConfigurationList section */
		DCC160AC246D4DBC00142131 /* Build configuration list for PBXProject "Flag Viewer" */ = {
			isa = XCConfigurationList;
			buildConfigurations = (
				DCC160C3246D4DBE00142131 /* Debug */,
				DCC160C4246D4DBE00142131 /* Release */,
			);
			defaultConfigurationIsVisible = 0;
			defaultConfigurationName = Release;
		};
		DCC160C5246D4DBE00142131 /* Build configuration list for PBXNativeTarget "Flag Viewer" */ = {
			isa = XCConfigurationList;
			buildConfigurations = (
				DCC160C6246D4DBE00142131 /* Debug */,
				DCC160C7246D4DBE00142131 /* Release */,
			);
			defaultConfigurationIsVisible = 0;
			defaultConfigurationName = Release;
		};
/* End XCConfigurationList section */
	};
	rootObject = DCC160A9246D4DBC00142131 /* Project object */;
}
