// !$*UTF8*$!
{
	archiveVersion = 1;
	classes = {
	};
	objectVersion = 50;
	objects = {

/* Begin PBXBuildFile section */
		DCEA3E0524BA053B002BD353 /* AppDelegate.swift in Sources */ = {isa = PBXBuildFile; fileRef = DCEA3E0424BA053B002BD353 /* AppDelegate.swift */; };
		DCEA3E0724BA053B002BD353 /* SceneDelegate.swift in Sources */ = {isa = PBXBuildFile; fileRef = DCEA3E0624BA053B002BD353 /* SceneDelegate.swift */; };
		DCEA3E0924BA053B002BD353 /* ViewController.swift in Sources */ = {isa = PBXBuildFile; fileRef = DCEA3E0824BA053B002BD353 /* ViewController.swift */; };
		DCEA3E0C24BA053B002BD353 /* Main.storyboard in Resources */ = {isa = PBXBuildFile; fileRef = DCEA3E0A24BA053B002BD353 /* Main.storyboard */; };
		DCEA3E0E24BA053D002BD353 /* Assets.xcassets in Resources */ = {isa = PBXBuildFile; fileRef = DCEA3E0D24BA053D002BD353 /* Assets.xcassets */; };
		DCEA3E1124BA053D002BD353 /* LaunchScreen.storyboard in Resources */ = {isa = PBXBuildFile; fileRef = DCEA3E0F24BA053D002BD353 /* LaunchScreen.storyboard */; };
		DCEA3E1A24BA0DED002BD353 /* KeychainItemAccessibility.swift in Sources */ = {isa = PBXBuildFile; fileRef = DCEA3E1824BA0DED002BD353 /* KeychainItemAccessibility.swift */; };
		DCEA3E1B24BA0DED002BD353 /* KeychainWrapper.swift in Sources */ = {isa = PBXBuildFile; fileRef = DCEA3E1924BA0DED002BD353 /* KeychainWrapper.swift */; };
/* End PBXBuildFile section */

/* Begin PBXFileReference section */
		DCEA3E0124BA053B002BD353 /* Secret Swift.app */ = {isa = PBXFileReference; explicitFileType = wrapper.application; includeInIndex = 0; path = "Secret Swift.app"; sourceTree = BUILT_PRODUCTS_DIR; };
		DCEA3E0424BA053B002BD353 /* AppDelegate.swift */ = {isa = PBXFileReference; lastKnownFileType = sourcecode.swift; path = AppDelegate.swift; sourceTree = "<group>"; };
		DCEA3E0624BA053B002BD353 /* SceneDelegate.swift */ = {isa = PBXFileReference; lastKnownFileType = sourcecode.swift; path = SceneDelegate.swift; sourceTree = "<group>"; };
		DCEA3E0824BA053B002BD353 /* ViewController.swift */ = {isa = PBXFileReference; lastKnownFileType = sourcecode.swift; path = ViewController.swift; sourceTree = "<group>"; };
		DCEA3E0B24BA053B002BD353 /* Base */ = {isa = PBXFileReference; lastKnownFileType = file.storyboard; name = Base; path = Base.lproj/Main.storyboard; sourceTree = "<group>"; };
		DCEA3E0D24BA053D002BD353 /* Assets.xcassets */ = {isa = PBXFileReference; lastKnownFileType = folder.assetcatalog; path = Assets.xcassets; sourceTree = "<group>"; };
		DCEA3E1024BA053D002BD353 /* Base */ = {isa = PBXFileReference; lastKnownFileType = file.storyboard; name = Base; path = Base.lproj/LaunchScreen.storyboard; sourceTree = "<group>"; };
		DCEA3E1224BA053D002BD353 /* Info.plist */ = {isa = PBXFileReference; lastKnownFileType = text.plist.xml; path = Info.plist; sourceTree = "<group>"; };
		DCEA3E1824BA0DED002BD353 /* KeychainItemAccessibility.swift */ = {isa = PBXFileReference; fileEncoding = 4; lastKnownFileType = sourcecode.swift; path = KeychainItemAccessibility.swift; sourceTree = "<group>"; };
		DCEA3E1924BA0DED002BD353 /* KeychainWrapper.swift */ = {isa = PBXFileReference; fileEncoding = 4; lastKnownFileType = sourcecode.swift; path = KeychainWrapper.swift; sourceTree = "<group>"; };
/* End PBXFileReference section */

/* Begin PBXFrameworksBuildPhase section */
		DCEA3DFE24BA053B002BD353 /* Frameworks */ = {
			isa = PBXFrameworksBuildPhase;
			buildActionMask = 2147483647;
			files = (
			);
			runOnlyForDeploymentPostprocessing = 0;
		};
/* End PBXFrameworksBuildPhase section */

/* Begin PBXGroup section */
		DCEA3DF824BA053B002BD353 = {
			isa = PBXGroup;
			children = (
				DCEA3E0324BA053B002BD353 /* Secret Swift */,
				DCEA3E0224BA053B002BD353 /* Products */,
			);
			sourceTree = "<group>";
		};
		DCEA3E0224BA053B002BD353 /* Products */ = {
			isa = PBXGroup;
			children = (
				DCEA3E0124BA053B002BD353 /* Secret Swift.app */,
			);
			name = Products;
			sourceTree = "<group>";
		};
		DCEA3E0324BA053B002BD353 /* Secret Swift */ = {
			isa = PBXGroup;
			children = (
				DCEA3E0424BA053B002BD353 /* AppDelegate.swift */,
				DCEA3E0624BA053B002BD353 /* SceneDelegate.swift */,
				DCEA3E0824BA053B002BD353 /* ViewController.swift */,
				DCEA3E0A24BA053B002BD353 /* Main.storyboard */,
				DCEA3E1824BA0DED002BD353 /* KeychainItemAccessibility.swift */,
				DCEA3E1924BA0DED002BD353 /* KeychainWrapper.swift */,
				DCEA3E0D24BA053D002BD353 /* Assets.xcassets */,
				DCEA3E0F24BA053D002BD353 /* LaunchScreen.storyboard */,
				DCEA3E1224BA053D002BD353 /* Info.plist */,
			);
			path = "Secret Swift";
			sourceTree = "<group>";
		};
/* End PBXGroup section */

/* Begin PBXNativeTarget section */
		DCEA3E0024BA053B002BD353 /* Secret Swift */ = {
			isa = PBXNativeTarget;
			buildConfigurationList = DCEA3E1524BA053D002BD353 /* Build configuration list for PBXNativeTarget "Secret Swift" */;
			buildPhases = (
				DCEA3DFD24BA053B002BD353 /* Sources */,
				DCEA3DFE24BA053B002BD353 /* Frameworks */,
				DCEA3DFF24BA053B002BD353 /* Resources */,
			);
			buildRules = (
			);
			dependencies = (
			);
			name = "Secret Swift";
			productName = "Secret Swift";
			productReference = DCEA3E0124BA053B002BD353 /* Secret Swift.app */;
			productType = "com.apple.product-type.application";
		};
/* End PBXNativeTarget section */

/* Begin PBXProject section */
		DCEA3DF924BA053B002BD353 /* Project object */ = {
			isa = PBXProject;
			attributes = {
				LastSwiftUpdateCheck = 1150;
				LastUpgradeCheck = 1230;
				ORGANIZATIONNAME = "Felix Leitenberger";
				TargetAttributes = {
					DCEA3E0024BA053B002BD353 = {
						CreatedOnToolsVersion = 11.5;
					};
				};
			};
			buildConfigurationList = DCEA3DFC24BA053B002BD353 /* Build configuration list for PBXProject "Secret Swift" */;
			compatibilityVersion = "Xcode 9.3";
			developmentRegion = en;
			hasScannedForEncodings = 0;
			knownRegions = (
				en,
				Base,
			);
			mainGroup = DCEA3DF824BA053B002BD353;
			productRefGroup = DCEA3E0224BA053B002BD353 /* Products */;
			projectDirPath = "";
			projectRoot = "";
			targets = (
				DCEA3E0024BA053B002BD353 /* Secret Swift */,
			);
		};
/* End PBXProject section */

/* Begin PBXResourcesBuildPhase section */
		DCEA3DFF24BA053B002BD353 /* Resources */ = {
			isa = PBXResourcesBuildPhase;
			buildActionMask = 2147483647;
			files = (
				DCEA3E1124BA053D002BD353 /* LaunchScreen.storyboard in Resources */,
				DCEA3E0E24BA053D002BD353 /* Assets.xcassets in Resources */,
				DCEA3E0C24BA053B002BD353 /* Main.storyboard in Resources */,
			);
			runOnlyForDeploymentPostprocessing = 0;
		};
/* End PBXResourcesBuildPhase section */

/* Begin PBXSourcesBuildPhase section */
		DCEA3DFD24BA053B002BD353 /* Sources */ = {
			isa = PBXSourcesBuildPhase;
			buildActionMask = 2147483647;
			files = (
				DCEA3E0924BA053B002BD353 /* ViewController.swift in Sources */,
				DCEA3E1A24BA0DED002BD353 /* KeychainItemAccessibility.swift in Sources */,
				DCEA3E0524BA053B002BD353 /* AppDelegate.swift in Sources */,
				DCEA3E0724BA053B002BD353 /* SceneDelegate.swift in Sources */,
				DCEA3E1B24BA0DED002BD353 /* KeychainWrapper.swift in Sources */,
			);
			runOnlyForDeploymentPostprocessing = 0;
		};
/* End PBXSourcesBuildPhase section */

/* Begin PBXVariantGroup section */
		DCEA3E0A24BA053B002BD353 /* Main.storyboard */ = {
			isa = PBXVariantGroup;
			children = (
				DCEA3E0B24BA053B002BD353 /* Base */,
			);
			name = Main.storyboard;
			sourceTree = "<group>";
		};
		DCEA3E0F24BA053D002BD353 /* LaunchScreen.storyboard */ = {
			isa = PBXVariantGroup;
			children = (
				DCEA3E1024BA053D002BD353 /* Base */,
			);
			name = LaunchScreen.storyboard;
			sourceTree = "<group>";
		};
/* End PBXVariantGroup section */

/* Begin XCBuildConfiguration section */
		DCEA3E1324BA053D002BD353 /* Debug */ = {
			isa = XCBuildConfiguration;
			buildSettings = {
				ALWAYS_SEARCH_USER_PATHS = NO;
				CLANG_ANALYZER_NONNULL = YES;
				CLANG_ANALYZER_NUMBER_OBJECT_CONVERSION = YES_AGGRESSIVE;
				CLANG_CXX_LANGUAGE_STANDARD = "gnu++14";
				CLANG_CXX_LIBRARY = "libc++";
				CLANG_ENABLE_MODULES = YES;
				CLANG_ENABLE_OBJC_ARC = YES;
				CLANG_ENABLE_OBJC_WEAK = YES;
				CLANG_WARN_BLOCK_CAPTURE_AUTORELEASING = YES;
				CLANG_WARN_BOOL_CONVERSION = YES;
				CLANG_WARN_COMMA = YES;
				CLANG_WARN_CONSTANT_CONVERSION = YES;
				CLANG_WARN_DEPRECATED_OBJC_IMPLEMENTATIONS = YES;
				CLANG_WARN_DIRECT_OBJC_ISA_USAGE = YES_ERROR;
				CLANG_WARN_DOCUMENTATION_COMMENTS = YES;
				CLANG_WARN_EMPTY_BODY = YES;
				CLANG_WARN_ENUM_CONVERSION = YES;
				CLANG_WARN_INFINITE_RECURSION = YES;
				CLANG_WARN_INT_CONVERSION = YES;
				CLANG_WARN_NON_LITERAL_NULL_CONVERSION = YES;
				CLANG_WARN_OBJC_IMPLICIT_RETAIN_SELF = YES;
				CLANG_WARN_OBJC_LITERAL_CONVERSION = YES;
				CLANG_WARN_OBJC_ROOT_CLASS = YES_ERROR;
				CLANG_WARN_QUOTED_INCLUDE_IN_FRAMEWORK_HEADER = YES;
				CLANG_WARN_RANGE_LOOP_ANALYSIS = YES;
				CLANG_WARN_STRICT_PROTOTYPES = YES;
				CLANG_WARN_SUSPICIOUS_MOVE = YES;
				CLANG_WARN_UNGUARDED_AVAILABILITY = YES_AGGRESSIVE;
				CLANG_WARN_UNREACHABLE_CODE = YES;
				CLANG_WARN__DUPLICATE_METHOD_MATCH = YES;
				COPY_PHASE_STRIP = NO;
				DEBUG_INFORMATION_FORMAT = dwarf;
				ENABLE_STRICT_OBJC_MSGSEND = YES;
				ENABLE_TESTABILITY = YES;
				GCC_C_LANGUAGE_STANDARD = gnu11;
				GCC_DYNAMIC_NO_PIC = NO;
				GCC_NO_COMMON_BLOCKS = YES;
				GCC_OPTIMIZATION_LEVEL = 0;
				GCC_PREPROCESSOR_DEFINITIONS = (
					"DEBUG=1",
					"$(inherited)",
				);
				GCC_WARN_64_TO_32_BIT_CONVERSION = YES;
				GCC_WARN_ABOUT_RETURN_TYPE = YES_ERROR;
				GCC_WARN_UNDECLARED_SELECTOR = YES;
				GCC_WARN_UNINITIALIZED_AUTOS = YES_AGGRESSIVE;
				GCC_WARN_UNUSED_FUNCTION = YES;
				GCC_WARN_UNUSED_VARIABLE = YES;
				IPHONEOS_DEPLOYMENT_TARGET = 13.5;
				MTL_ENABLE_DEBUG_INFO = INCLUDE_SOURCE;
				MTL_FAST_MATH = YES;
				ONLY_ACTIVE_ARCH = YES;
				SDKROOT = iphoneos;
				SWIFT_ACTIVE_COMPILATION_CONDITIONS = DEBUG;
				SWIFT_OPTIMIZATION_LEVEL = "-Onone";
			};
			name = Debug;
		};
		DCEA3E1424BA053D002BD353 /* Release */ = {
			isa = XCBuildConfiguration;
			buildSettings = {
				ALWAYS_SEARCH_USER_PATHS = NO;
				CLANG_ANALYZER_NONNULL = YES;
				CLANG_ANALYZER_NUMBER_OBJECT_CONVERSION = YES_AGGRESSIVE;
				CLANG_CXX_LANGUAGE_STANDARD = "gnu++14";
				CLANG_CXX_LIBRARY = "libc++";
				CLANG_ENABLE_MODULES = YES;
				CLANG_ENABLE_OBJC_ARC = YES;
				CLANG_ENABLE_OBJC_WEAK = YES;
				CLANG_WARN_BLOCK_CAPTURE_AUTORELEASING = YES;
				CLANG_WARN_BOOL_CONVERSION = YES;
				CLANG_WARN_COMMA = YES;
				CLANG_WARN_CONSTANT_CONVERSION = YES;
				CLANG_WARN_DEPRECATED_OBJC_IMPLEMENTATIONS = YES;
				CLANG_WARN_DIRECT_OBJC_ISA_USAGE = YES_ERROR;
				CLANG_WARN_DOCUMENTATION_COMMENTS = YES;
				CLANG_WARN_EMPTY_BODY = YES;
				CLANG_WARN_ENUM_CONVERSION = YES;
				CLANG_WARN_INFINITE_RECURSION = YES;
				CLANG_WARN_INT_CONVERSION = YES;
				CLANG_WARN_NON_LITERAL_NULL_CONVERSION = YES;
				CLANG_WARN_OBJC_IMPLICIT_RETAIN_SELF = YES;
				CLANG_WARN_OBJC_LITERAL_CONVERSION = YES;
				CLANG_WARN_OBJC_ROOT_CLASS = YES_ERROR;
				CLANG_WARN_QUOTED_INCLUDE_IN_FRAMEWORK_HEADER = YES;
				CLANG_WARN_RANGE_LOOP_ANALYSIS = YES;
				CLANG_WARN_STRICT_PROTOTYPES = YES;
				CLANG_WARN_SUSPICIOUS_MOVE = YES;
				CLANG_WARN_UNGUARDED_AVAILABILITY = YES_AGGRESSIVE;
				CLANG_WARN_UNREACHABLE_CODE = YES;
				CLANG_WARN__DUPLICATE_METHOD_MATCH = YES;
				COPY_PHASE_STRIP = NO;
				DEBUG_INFORMATION_FORMAT = "dwarf-with-dsym";
				ENABLE_NS_ASSERTIONS = NO;
				ENABLE_STRICT_OBJC_MSGSEND = YES;
				GCC_C_LANGUAGE_STANDARD = gnu11;
				GCC_NO_COMMON_BLOCKS = YES;
				GCC_WARN_64_TO_32_BIT_CONVERSION = YES;
				GCC_WARN_ABOUT_RETURN_TYPE = YES_ERROR;
				GCC_WARN_UNDECLARED_SELECTOR = YES;
				GCC_WARN_UNINITIALIZED_AUTOS = YES_AGGRESSIVE;
				GCC_WARN_UNUSED_FUNCTION = YES;
				GCC_WARN_UNUSED_VARIABLE = YES;
				IPHONEOS_DEPLOYMENT_TARGET = 13.5;
				MTL_ENABLE_DEBUG_INFO = NO;
				MTL_FAST_MATH = YES;
				SDKROOT = iphoneos;
				SWIFT_COMPILATION_MODE = wholemodule;
				SWIFT_OPTIMIZATION_LEVEL = "-O";
				VALIDATE_PRODUCT = YES;
			};
			name = Release;
		};
		DCEA3E1624BA053D002BD353 /* Debug */ = {
			isa = XCBuildConfiguration;
			buildSettings = {
				ASSETCATALOG_COMPILER_APPICON_NAME = AppIcon;
				CODE_SIGN_STYLE = Automatic;
				DEVELOPMENT_TEAM = T3L732D2U5;
				INFOPLIST_FILE = "Secret Swift/Info.plist";
				LD_RUNPATH_SEARCH_PATHS = (
					"$(inherited)",
					"@executable_path/Frameworks",
				);
				PRODUCT_BUNDLE_IDENTIFIER = "de.crabucate.Secret-Swift";
				PRODUCT_NAME = "$(TARGET_NAME)";
				SWIFT_VERSION = 5.0;
				TARGETED_DEVICE_FAMILY = "1,2";
			};
			name = Debug;
		};
		DCEA3E1724BA053D002BD353 /* Release */ = {
			isa = XCBuildConfiguration;
			buildSettings = {
				ASSETCATALOG_COMPILER_APPICON_NAME = AppIcon;
				CODE_SIGN_STYLE = Automatic;
				DEVELOPMENT_TEAM = T3L732D2U5;
				INFOPLIST_FILE = "Secret Swift/Info.plist";
				LD_RUNPATH_SEARCH_PATHS = (
					"$(inherited)",
					"@executable_path/Frameworks",
				);
				PRODUCT_BUNDLE_IDENTIFIER = "de.crabucate.Secret-Swift";
				PRODUCT_NAME = "$(TARGET_NAME)";
				SWIFT_VERSION = 5.0;
				TARGETED_DEVICE_FAMILY = "1,2";
			};
			name = Release;
		};
/* End XCBuildConfiguration section */

/* Begin XCConfigurationList section */
		DCEA3DFC24BA053B002BD353 /* Build configuration list for PBXProject "Secret Swift" */ = {
			isa = XCConfigurationList;
			buildConfigurations = (
				DCEA3E1324BA053D002BD353 /* Debug */,
				DCEA3E1424BA053D002BD353 /* Release */,
			);
			defaultConfigurationIsVisible = 0;
			defaultConfigurationName = Release;
		};
		DCEA3E1524BA053D002BD353 /* Build configuration list for PBXNativeTarget "Secret Swift" */ = {
			isa = XCConfigurationList;
			buildConfigurations = (
				DCEA3E1624BA053D002BD353 /* Debug */,
				DCEA3E1724BA053D002BD353 /* Release */,
			);
			defaultConfigurationIsVisible = 0;
			defaultConfigurationName = Release;
		};
/* End XCConfigurationList section */
	};
	rootObject = DCEA3DF924BA053B002BD353 /* Project object */;
}
